
Microsoft Visual Studio Solution File, Format Version 12.00
# Visual Studio 2013
VisualStudioVersion = 12.0.21005.1
MinimumVisualStudioVersion = 10.0.40219.1
Project("{FAE04EC0-301F-11D3-BF4B-00C04F79EFBC}") = "WebApplication2", "WebApplication2\WebApplication2.csproj", "{9624C788-D186-4A8C-8171-384E2A2CDFBF}"
EndProject
Project("{FAE04EC0-301F-11D3-BF4B-00C04F79EFBC}") = "WebApplication2.Tests", "WebApplication2.Tests\WebApplication2.Tests.csproj", "{1394098F-E4A7-40A3-8331-02732C06EEE8}"
EndProject
Global
	GlobalSection(SolutionConfigurationPlatforms) = preSolution
		Debug|Any CPU = Debug|Any CPU
		Release|Any CPU = Release|Any CPU
	EndGlobalSection
	GlobalSection(ProjectConfigurationPlatforms) = postSolution
		{9624C788-D186-4A8C-8171-384E2A2CDFBF}.Debug|Any CPU.ActiveCfg = Debug|Any CPU
		{9624C788-D186-4A8C-8171-384E2A2CDFBF}.Debug|Any CPU.Build.0 = Debug|Any CPU
		{9624C788-D186-4A8C-8171-384E2A2CDFBF}.Release|Any CPU.ActiveCfg = Release|Any CPU
		{9624C788-D186-4A8C-8171-384E2A2CDFBF}.Release|Any CPU.Build.0 = Release|Any CPU
		{1394098F-E4A7-40A3-8331-02732C06EEE8}.Debug|Any CPU.ActiveCfg = Debug|Any CPU
		{1394098F-E4A7-40A3-8331-02732C06EEE8}.Debug|Any CPU.Build.0 = Debug|Any CPU
		{1394098F-E4A7-40A3-8331-02732C06EEE8}.Release|Any CPU.ActiveCfg = Release|Any CPU
		{1394098F-E4A7-40A3-8331-02732C06EEE8}.Release|Any CPU.Build.0 = Release|Any CPU
	EndGlobalSection
	GlobalSection(SolutionProperties) = preSolution
		HideSolutionNode = FALSE
	EndGlobalSection
EndGlobal
